
Microsoft Visual Studio Solution File, Format Version 12.00
# Visual Studio 2012
Project("{FAE04EC0-301F-11D3-BF4B-00C04F79EFBC}") = "Mvc.Workflow.Wizard.Common", "Mvc.Workflow.Wizard.Common\Mvc.Workflow.Wizard.Common.csproj", "{E286D419-2DE9-4726-8592-4D346CDBE083}"
EndProject
Project("{FAE04EC0-301F-11D3-BF4B-00C04F79EFBC}") = "Mvc.Workflow.Wizard.Activities", "Mvc.Workflow.Wizard.Activities\Mvc.Workflow.Wizard.Activities.csproj", "{98EC024C-6439-44B1-8B1E-29E457B2201F}"
EndProject
Global
	GlobalSection(SolutionConfigurationPlatforms) = preSolution
		Debug|Any CPU = Debug|Any CPU
		Release|Any CPU = Release|Any CPU
	EndGlobalSection
	GlobalSection(ProjectConfigurationPlatforms) = postSolution
		{E286D419-2DE9-4726-8592-4D346CDBE083}.Debug|Any CPU.ActiveCfg = Debug|Any CPU
		{E286D419-2DE9-4726-8592-4D346CDBE083}.Debug|Any CPU.Build.0 = Debug|Any CPU
		{E286D419-2DE9-4726-8592-4D346CDBE083}.Release|Any CPU.ActiveCfg = Release|Any CPU
		{E286D419-2DE9-4726-8592-4D346CDBE083}.Release|Any CPU.Build.0 = Release|Any CPU
		{98EC024C-6439-44B1-8B1E-29E457B2201F}.Debug|Any CPU.ActiveCfg = Debug|Any CPU
		{98EC024C-6439-44B1-8B1E-29E457B2201F}.Debug|Any CPU.Build.0 = Debug|Any CPU
		{98EC024C-6439-44B1-8B1E-29E457B2201F}.Release|Any CPU.ActiveCfg = Release|Any CPU
		{98EC024C-6439-44B1-8B1E-29E457B2201F}.Release|Any CPU.Build.0 = Release|Any CPU
	EndGlobalSection
	GlobalSection(SolutionProperties) = preSolution
		HideSolutionNode = FALSE
	EndGlobalSection
EndGlobal
